
Microsoft Visual Studio Solution File, Format Version 12.00
# Visual Studio Version 16
VisualStudioVersion = 16.0.30128.74
MinimumVisualStudioVersion = 10.0.40219.1
Project("{FAE04EC0-301F-11D3-BF4B-00C04F79EFBC}") = "Epsilon", "Epsilon\Epsilon.csproj", "{8C37025E-EBC4-4FD7-AA20-AFD378F3B368}"
	ProjectSection(ProjectDependencies) = postProject
		{CF72CF01-995B-47EE-8F81-13E5EBEDFF4B} = {CF72CF01-995B-47EE-8F81-13E5EBEDFF4B}
		{9DE40A24-8308-4C7D-B77E-71E9D389BBFA} = {9DE40A24-8308-4C7D-B77E-71E9D389BBFA}
		{426B372C-3C85-44F1-AA81-B99927781030} = {426B372C-3C85-44F1-AA81-B99927781030}
		{17522F38-5E76-4AEA-99FD-263A2E981DCB} = {17522F38-5E76-4AEA-99FD-263A2E981DCB}
		{CDCE8946-359A-488F-802E-CB664B6F97DF} = {CDCE8946-359A-488F-802E-CB664B6F97DF}
		{CDF2FE6B-E5B9-4833-B5F8-1D0A5C4547B7} = {CDF2FE6B-E5B9-4833-B5F8-1D0A5C4547B7}
		{03C3C798-8DCF-423B-B846-526932A7B4F0} = {03C3C798-8DCF-423B-B846-526932A7B4F0}
		{613AA9F0-1DC4-451A-A0C1-D9D1D4499D0C} = {613AA9F0-1DC4-451A-A0C1-D9D1D4499D0C}
		{6AC3CCFA-49F5-4368-860F-77A26E15F9DD} = {6AC3CCFA-49F5-4368-860F-77A26E15F9DD}
	EndProjectSection
EndProject
Project("{FAE04EC0-301F-11D3-BF4B-00C04F79EFBC}") = "EpsilonLib", "EpsilonLib\EpsilonLib.csproj", "{110511DD-0A26-4843-9CC4-BF2CF42B8E44}"
EndProject
Project("{FAE04EC0-301F-11D3-BF4B-00C04F79EFBC}") = "CacheEditor", "plugins\CacheEditor\CacheEditor.csproj", "{9DE40A24-8308-4C7D-B77E-71E9D389BBFA}"
EndProject
Project("{FAE04EC0-301F-11D3-BF4B-00C04F79EFBC}") = "Xceed.Wpf.AvalonDock", "libs\Xceed.Wpf.AvalonDock\Xceed.Wpf.AvalonDock.csproj", "{DB81988F-E0F2-45A0-A1FD-8C37F3D35244}"
EndProject
Project("{FAE04EC0-301F-11D3-BF4B-00C04F79EFBC}") = "DefinitionEditor", "plugins\DefinitionEditor\DefinitionEditor.csproj", "{CDCE8946-359A-488F-802E-CB664B6F97DF}"
EndProject
Project("{2150E333-8FDC-42A3-9474-1A3956D46DE8}") = "plugins", "plugins", "{5920225C-27D8-4B85-A2F7-54F3DF5B61F2}"
EndProject
Project("{2150E333-8FDC-42A3-9474-1A3956D46DE8}") = "libs", "libs", "{BBF76049-21E6-4ADB-B3AC-CA25D7C31E10}"
EndProject
Project("{FAE04EC0-301F-11D3-BF4B-00C04F79EFBC}") = "TagStructEditor", "components\TagStructEditor\TagStructEditor.csproj", "{613AA9F0-1DC4-451A-A0C1-D9D1D4499D0C}"
EndProject
Project("{FAE04EC0-301F-11D3-BF4B-00C04F79EFBC}") = "CryingCatPlugin", "plugins\CryingCatPlugin\CryingCatPlugin.csproj", "{6AC3CCFA-49F5-4368-860F-77A26E15F9DD}"
EndProject
Project("{FAE04EC0-301F-11D3-BF4B-00C04F79EFBC}") = "TagToolShellPlugin", "plugins\TagToolShellPlugin\TagToolShellPlugin.csproj", "{03C3C798-8DCF-423B-B846-526932A7B4F0}"
EndProject
Project("{2150E333-8FDC-42A3-9474-1A3956D46DE8}") = "components", "components", "{2AC8CCC1-63C3-4B11-B507-E8ED99330EBC}"
EndProject
Project("{FAE04EC0-301F-11D3-BF4B-00C04F79EFBC}") = "TagTool", "..\TagTool\TagTool\TagTool.csproj", "{42814DEE-5A94-4901-BDA9-28AFD2D4F5AC}"
EndProject
Project("{FAE04EC0-301F-11D3-BF4B-00C04F79EFBC}") = "HaloShaderGenerator", "..\TagTool\ShaderGenerator\HaloShaderGenerator\HaloShaderGenerator.csproj", "{17BFEFFB-1619-4647-BA40-3CD1D87FD774}"
EndProject
Project("{FAE04EC0-301F-11D3-BF4B-00C04F79EFBC}") = "RenderMethodEditorPlugin", "plugins\RenderMethodEditorPlugin\RenderMethodEditorPlugin.csproj", "{17522F38-5E76-4AEA-99FD-263A2E981DCB}"
EndProject
Project("{FAE04EC0-301F-11D3-BF4B-00C04F79EFBC}") = "ModPackagePlugin", "Plugins\ModPackagePlugin\ModPackagePlugin.csproj", "{426B372C-3C85-44F1-AA81-B99927781030}"
EndProject
Project("{FAE04EC0-301F-11D3-BF4B-00C04F79EFBC}") = "BlamScriptEditorPlugin", "Plugins\BlamScriptEditorPlugin\BlamScriptEditorPlugin.csproj", "{CDF2FE6B-E5B9-4833-B5F8-1D0A5C4547B7}"
EndProject
Project("{FAE04EC0-301F-11D3-BF4B-00C04F79EFBC}") = "ConsoleApp1", "ConsoleApp1\ConsoleApp1.csproj", "{9C40F41E-3C5F-4EB3-B8FD-10B48837D112}"
EndProject
Project("{FAE04EC0-301F-11D3-BF4B-00C04F79EFBC}") = "TagResourceEditorPlugin", "plugins\TagResourceEditorPlugin\TagResourceEditorPlugin.csproj", "{CF72CF01-995B-47EE-8F81-13E5EBEDFF4B}"
EndProject
Global
	GlobalSection(SolutionConfigurationPlatforms) = preSolution
		Debug|Any CPU = Debug|Any CPU
		Debug|x64 = Debug|x64
		Debug|x86 = Debug|x86
		Release|Any CPU = Release|Any CPU
		Release|x64 = Release|x64
		Release|x86 = Release|x86
		test|Any CPU = test|Any CPU
		test|x64 = test|x64
		test|x86 = test|x86
	EndGlobalSection
	GlobalSection(ProjectConfigurationPlatforms) = postSolution
		{8C37025E-EBC4-4FD7-AA20-AFD378F3B368}.Debug|Any CPU.ActiveCfg = Debug|Any CPU
		{8C37025E-EBC4-4FD7-AA20-AFD378F3B368}.Debug|Any CPU.Build.0 = Debug|Any CPU
		{8C37025E-EBC4-4FD7-AA20-AFD378F3B368}.Debug|x64.ActiveCfg = Debug|x64
		{8C37025E-EBC4-4FD7-AA20-AFD378F3B368}.Debug|x64.Build.0 = Debug|x64
		{8C37025E-EBC4-4FD7-AA20-AFD378F3B368}.Debug|x86.ActiveCfg = Debug|Any CPU
		{8C37025E-EBC4-4FD7-AA20-AFD378F3B368}.Debug|x86.Build.0 = Debug|Any CPU
		{8C37025E-EBC4-4FD7-AA20-AFD378F3B368}.Release|Any CPU.ActiveCfg = Release|Any CPU
		{8C37025E-EBC4-4FD7-AA20-AFD378F3B368}.Release|Any CPU.Build.0 = Release|Any CPU
		{8C37025E-EBC4-4FD7-AA20-AFD378F3B368}.Release|x64.ActiveCfg = Release|x64
		{8C37025E-EBC4-4FD7-AA20-AFD378F3B368}.Release|x64.Build.0 = Release|x64
		{8C37025E-EBC4-4FD7-AA20-AFD378F3B368}.Release|x86.ActiveCfg = Release|Any CPU
		{8C37025E-EBC4-4FD7-AA20-AFD378F3B368}.Release|x86.Build.0 = Release|Any CPU
		{8C37025E-EBC4-4FD7-AA20-AFD378F3B368}.test|Any CPU.ActiveCfg = Release|Any CPU
		{8C37025E-EBC4-4FD7-AA20-AFD378F3B368}.test|Any CPU.Build.0 = Release|Any CPU
		{8C37025E-EBC4-4FD7-AA20-AFD378F3B368}.test|x64.ActiveCfg = Release|x64
		{8C37025E-EBC4-4FD7-AA20-AFD378F3B368}.test|x64.Build.0 = Release|x64
		{8C37025E-EBC4-4FD7-AA20-AFD378F3B368}.test|x86.ActiveCfg = Release|Any CPU
		{8C37025E-EBC4-4FD7-AA20-AFD378F3B368}.test|x86.Build.0 = Release|Any CPU
		{110511DD-0A26-4843-9CC4-BF2CF42B8E44}.Debug|Any CPU.ActiveCfg = Debug|Any CPU
		{110511DD-0A26-4843-9CC4-BF2CF42B8E44}.Debug|Any CPU.Build.0 = Debug|Any CPU
		{110511DD-0A26-4843-9CC4-BF2CF42B8E44}.Debug|x64.ActiveCfg = Debug|x64
		{110511DD-0A26-4843-9CC4-BF2CF42B8E44}.Debug|x64.Build.0 = Debug|x64
		{110511DD-0A26-4843-9CC4-BF2CF42B8E44}.Debug|x86.ActiveCfg = Debug|Any CPU
		{110511DD-0A26-4843-9CC4-BF2CF42B8E44}.Debug|x86.Build.0 = Debug|Any CPU
		{110511DD-0A26-4843-9CC4-BF2CF42B8E44}.Release|Any CPU.ActiveCfg = Release|Any CPU
		{110511DD-0A26-4843-9CC4-BF2CF42B8E44}.Release|Any CPU.Build.0 = Release|Any CPU
		{110511DD-0A26-4843-9CC4-BF2CF42B8E44}.Release|x64.ActiveCfg = Release|x64
		{110511DD-0A26-4843-9CC4-BF2CF42B8E44}.Release|x64.Build.0 = Release|x64
		{110511DD-0A26-4843-9CC4-BF2CF42B8E44}.Release|x86.ActiveCfg = Release|Any CPU
		{110511DD-0A26-4843-9CC4-BF2CF42B8E44}.Release|x86.Build.0 = Release|Any CPU
		{110511DD-0A26-4843-9CC4-BF2CF42B8E44}.test|Any CPU.ActiveCfg = Release|Any CPU
		{110511DD-0A26-4843-9CC4-BF2CF42B8E44}.test|Any CPU.Build.0 = Release|Any CPU
		{110511DD-0A26-4843-9CC4-BF2CF42B8E44}.test|x64.ActiveCfg = Release|x64
		{110511DD-0A26-4843-9CC4-BF2CF42B8E44}.test|x64.Build.0 = Release|x64
		{110511DD-0A26-4843-9CC4-BF2CF42B8E44}.test|x86.ActiveCfg = Release|Any CPU
		{110511DD-0A26-4843-9CC4-BF2CF42B8E44}.test|x86.Build.0 = Release|Any CPU
		{9DE40A24-8308-4C7D-B77E-71E9D389BBFA}.Debug|Any CPU.ActiveCfg = Debug|Any CPU
		{9DE40A24-8308-4C7D-B77E-71E9D389BBFA}.Debug|Any CPU.Build.0 = Debug|Any CPU
		{9DE40A24-8308-4C7D-B77E-71E9D389BBFA}.Debug|x64.ActiveCfg = Debug|x64
		{9DE40A24-8308-4C7D-B77E-71E9D389BBFA}.Debug|x64.Build.0 = Debug|x64
		{9DE40A24-8308-4C7D-B77E-71E9D389BBFA}.Debug|x86.ActiveCfg = Debug|Any CPU
		{9DE40A24-8308-4C7D-B77E-71E9D389BBFA}.Debug|x86.Build.0 = Debug|Any CPU
		{9DE40A24-8308-4C7D-B77E-71E9D389BBFA}.Release|Any CPU.ActiveCfg = Release|Any CPU
		{9DE40A24-8308-4C7D-B77E-71E9D389BBFA}.Release|Any CPU.Build.0 = Release|Any CPU
		{9DE40A24-8308-4C7D-B77E-71E9D389BBFA}.Release|x64.ActiveCfg = Release|x64
		{9DE40A24-8308-4C7D-B77E-71E9D389BBFA}.Release|x64.Build.0 = Release|x64
		{9DE40A24-8308-4C7D-B77E-71E9D389BBFA}.Release|x86.ActiveCfg = Release|Any CPU
		{9DE40A24-8308-4C7D-B77E-71E9D389BBFA}.Release|x86.Build.0 = Release|Any CPU
		{9DE40A24-8308-4C7D-B77E-71E9D389BBFA}.test|Any CPU.ActiveCfg = Release|Any CPU
		{9DE40A24-8308-4C7D-B77E-71E9D389BBFA}.test|Any CPU.Build.0 = Release|Any CPU
		{9DE40A24-8308-4C7D-B77E-71E9D389BBFA}.test|x64.ActiveCfg = Release|x64
		{9DE40A24-8308-4C7D-B77E-71E9D389BBFA}.test|x64.Build.0 = Release|x64
		{9DE40A24-8308-4C7D-B77E-71E9D389BBFA}.test|x86.ActiveCfg = Release|Any CPU
		{9DE40A24-8308-4C7D-B77E-71E9D389BBFA}.test|x86.Build.0 = Release|Any CPU
		{DB81988F-E0F2-45A0-A1FD-8C37F3D35244}.Debug|Any CPU.ActiveCfg = Debug|Any CPU
		{DB81988F-E0F2-45A0-A1FD-8C37F3D35244}.Debug|Any CPU.Build.0 = Debug|Any CPU
		{DB81988F-E0F2-45A0-A1FD-8C37F3D35244}.Debug|x64.ActiveCfg = Debug|x64
		{DB81988F-E0F2-45A0-A1FD-8C37F3D35244}.Debug|x64.Build.0 = Debug|x64
		{DB81988F-E0F2-45A0-A1FD-8C37F3D35244}.Debug|x86.ActiveCfg = Debug|Any CPU
		{DB81988F-E0F2-45A0-A1FD-8C37F3D35244}.Debug|x86.Build.0 = Debug|Any CPU
		{DB81988F-E0F2-45A0-A1FD-8C37F3D35244}.Release|Any CPU.ActiveCfg = Release|Any CPU
		{DB81988F-E0F2-45A0-A1FD-8C37F3D35244}.Release|Any CPU.Build.0 = Release|Any CPU
		{DB81988F-E0F2-45A0-A1FD-8C37F3D35244}.Release|x64.ActiveCfg = Release|x64
		{DB81988F-E0F2-45A0-A1FD-8C37F3D35244}.Release|x64.Build.0 = Release|x64
		{DB81988F-E0F2-45A0-A1FD-8C37F3D35244}.Release|x86.ActiveCfg = Release|Any CPU
		{DB81988F-E0F2-45A0-A1FD-8C37F3D35244}.Release|x86.Build.0 = Release|Any CPU
		{DB81988F-E0F2-45A0-A1FD-8C37F3D35244}.test|Any CPU.ActiveCfg = Release|Any CPU
		{DB81988F-E0F2-45A0-A1FD-8C37F3D35244}.test|Any CPU.Build.0 = Release|Any CPU
		{DB81988F-E0F2-45A0-A1FD-8C37F3D35244}.test|x64.ActiveCfg = Release|x64
		{DB81988F-E0F2-45A0-A1FD-8C37F3D35244}.test|x64.Build.0 = Release|x64
		{DB81988F-E0F2-45A0-A1FD-8C37F3D35244}.test|x86.ActiveCfg = Release|Any CPU
		{DB81988F-E0F2-45A0-A1FD-8C37F3D35244}.test|x86.Build.0 = Release|Any CPU
		{CDCE8946-359A-488F-802E-CB664B6F97DF}.Debug|Any CPU.ActiveCfg = Debug|Any CPU
		{CDCE8946-359A-488F-802E-CB664B6F97DF}.Debug|Any CPU.Build.0 = Debug|Any CPU
		{CDCE8946-359A-488F-802E-CB664B6F97DF}.Debug|x64.ActiveCfg = Debug|x64
		{CDCE8946-359A-488F-802E-CB664B6F97DF}.Debug|x64.Build.0 = Debug|x64
		{CDCE8946-359A-488F-802E-CB664B6F97DF}.Debug|x86.ActiveCfg = Debug|Any CPU
		{CDCE8946-359A-488F-802E-CB664B6F97DF}.Debug|x86.Build.0 = Debug|Any CPU
		{CDCE8946-359A-488F-802E-CB664B6F97DF}.Release|Any CPU.ActiveCfg = Release|Any CPU
		{CDCE8946-359A-488F-802E-CB664B6F97DF}.Release|Any CPU.Build.0 = Release|Any CPU
		{CDCE8946-359A-488F-802E-CB664B6F97DF}.Release|x64.ActiveCfg = Release|x64
		{CDCE8946-359A-488F-802E-CB664B6F97DF}.Release|x64.Build.0 = Release|x64
		{CDCE8946-359A-488F-802E-CB664B6F97DF}.Release|x86.ActiveCfg = Release|Any CPU
		{CDCE8946-359A-488F-802E-CB664B6F97DF}.Release|x86.Build.0 = Release|Any CPU
		{CDCE8946-359A-488F-802E-CB664B6F97DF}.test|Any CPU.ActiveCfg = Release|Any CPU
		{CDCE8946-359A-488F-802E-CB664B6F97DF}.test|Any CPU.Build.0 = Release|Any CPU
		{CDCE8946-359A-488F-802E-CB664B6F97DF}.test|x64.ActiveCfg = Release|x64
		{CDCE8946-359A-488F-802E-CB664B6F97DF}.test|x64.Build.0 = Release|x64
		{CDCE8946-359A-488F-802E-CB664B6F97DF}.test|x86.ActiveCfg = Release|Any CPU
		{CDCE8946-359A-488F-802E-CB664B6F97DF}.test|x86.Build.0 = Release|Any CPU
		{613AA9F0-1DC4-451A-A0C1-D9D1D4499D0C}.Debug|Any CPU.ActiveCfg = Debug|Any CPU
		{613AA9F0-1DC4-451A-A0C1-D9D1D4499D0C}.Debug|Any CPU.Build.0 = Debug|Any CPU
		{613AA9F0-1DC4-451A-A0C1-D9D1D4499D0C}.Debug|x64.ActiveCfg = Debug|x64
		{613AA9F0-1DC4-451A-A0C1-D9D1D4499D0C}.Debug|x64.Build.0 = Debug|x64
		{613AA9F0-1DC4-451A-A0C1-D9D1D4499D0C}.Debug|x86.ActiveCfg = Debug|Any CPU
		{613AA9F0-1DC4-451A-A0C1-D9D1D4499D0C}.Debug|x86.Build.0 = Debug|Any CPU
		{613AA9F0-1DC4-451A-A0C1-D9D1D4499D0C}.Release|Any CPU.ActiveCfg = Release|Any CPU
		{613AA9F0-1DC4-451A-A0C1-D9D1D4499D0C}.Release|Any CPU.Build.0 = Release|Any CPU
		{613AA9F0-1DC4-451A-A0C1-D9D1D4499D0C}.Release|x64.ActiveCfg = Release|x64
		{613AA9F0-1DC4-451A-A0C1-D9D1D4499D0C}.Release|x64.Build.0 = Release|x64
		{613AA9F0-1DC4-451A-A0C1-D9D1D4499D0C}.Release|x86.ActiveCfg = Release|Any CPU
		{613AA9F0-1DC4-451A-A0C1-D9D1D4499D0C}.Release|x86.Build.0 = Release|Any CPU
		{613AA9F0-1DC4-451A-A0C1-D9D1D4499D0C}.test|Any CPU.ActiveCfg = Release|Any CPU
		{613AA9F0-1DC4-451A-A0C1-D9D1D4499D0C}.test|Any CPU.Build.0 = Release|Any CPU
		{613AA9F0-1DC4-451A-A0C1-D9D1D4499D0C}.test|x64.ActiveCfg = Release|x64
		{613AA9F0-1DC4-451A-A0C1-D9D1D4499D0C}.test|x64.Build.0 = Release|x64
		{613AA9F0-1DC4-451A-A0C1-D9D1D4499D0C}.test|x86.ActiveCfg = Release|Any CPU
		{613AA9F0-1DC4-451A-A0C1-D9D1D4499D0C}.test|x86.Build.0 = Release|Any CPU
		{6AC3CCFA-49F5-4368-860F-77A26E15F9DD}.Debug|Any CPU.ActiveCfg = Debug|Any CPU
		{6AC3CCFA-49F5-4368-860F-77A26E15F9DD}.Debug|Any CPU.Build.0 = Debug|Any CPU
		{6AC3CCFA-49F5-4368-860F-77A26E15F9DD}.Debug|x64.ActiveCfg = Debug|x64
		{6AC3CCFA-49F5-4368-860F-77A26E15F9DD}.Debug|x64.Build.0 = Debug|x64
		{6AC3CCFA-49F5-4368-860F-77A26E15F9DD}.Debug|x86.ActiveCfg = Debug|Any CPU
		{6AC3CCFA-49F5-4368-860F-77A26E15F9DD}.Debug|x86.Build.0 = Debug|Any CPU
		{6AC3CCFA-49F5-4368-860F-77A26E15F9DD}.Release|Any CPU.ActiveCfg = Release|Any CPU
		{6AC3CCFA-49F5-4368-860F-77A26E15F9DD}.Release|Any CPU.Build.0 = Release|Any CPU
		{6AC3CCFA-49F5-4368-860F-77A26E15F9DD}.Release|x64.ActiveCfg = Release|x64
		{6AC3CCFA-49F5-4368-860F-77A26E15F9DD}.Release|x64.Build.0 = Release|x64
		{6AC3CCFA-49F5-4368-860F-77A26E15F9DD}.Release|x86.ActiveCfg = Release|Any CPU
		{6AC3CCFA-49F5-4368-860F-77A26E15F9DD}.Release|x86.Build.0 = Release|Any CPU
		{6AC3CCFA-49F5-4368-860F-77A26E15F9DD}.test|Any CPU.ActiveCfg = Release|Any CPU
		{6AC3CCFA-49F5-4368-860F-77A26E15F9DD}.test|Any CPU.Build.0 = Release|Any CPU
		{6AC3CCFA-49F5-4368-860F-77A26E15F9DD}.test|x64.ActiveCfg = Release|x64
		{6AC3CCFA-49F5-4368-860F-77A26E15F9DD}.test|x64.Build.0 = Release|x64
		{6AC3CCFA-49F5-4368-860F-77A26E15F9DD}.test|x86.ActiveCfg = Release|Any CPU
		{6AC3CCFA-49F5-4368-860F-77A26E15F9DD}.test|x86.Build.0 = Release|Any CPU
		{03C3C798-8DCF-423B-B846-526932A7B4F0}.Debug|Any CPU.ActiveCfg = Debug|Any CPU
		{03C3C798-8DCF-423B-B846-526932A7B4F0}.Debug|Any CPU.Build.0 = Debug|Any CPU
		{03C3C798-8DCF-423B-B846-526932A7B4F0}.Debug|x64.ActiveCfg = Debug|x64
		{03C3C798-8DCF-423B-B846-526932A7B4F0}.Debug|x64.Build.0 = Debug|x64
		{03C3C798-8DCF-423B-B846-526932A7B4F0}.Debug|x86.ActiveCfg = Debug|Any CPU
		{03C3C798-8DCF-423B-B846-526932A7B4F0}.Debug|x86.Build.0 = Debug|Any CPU
		{03C3C798-8DCF-423B-B846-526932A7B4F0}.Release|Any CPU.ActiveCfg = Release|Any CPU
		{03C3C798-8DCF-423B-B846-526932A7B4F0}.Release|Any CPU.Build.0 = Release|Any CPU
		{03C3C798-8DCF-423B-B846-526932A7B4F0}.Release|x64.ActiveCfg = Release|x64
		{03C3C798-8DCF-423B-B846-526932A7B4F0}.Release|x64.Build.0 = Release|x64
		{03C3C798-8DCF-423B-B846-526932A7B4F0}.Release|x86.ActiveCfg = Release|Any CPU
		{03C3C798-8DCF-423B-B846-526932A7B4F0}.Release|x86.Build.0 = Release|Any CPU
		{03C3C798-8DCF-423B-B846-526932A7B4F0}.test|Any CPU.ActiveCfg = Release|Any CPU
		{03C3C798-8DCF-423B-B846-526932A7B4F0}.test|Any CPU.Build.0 = Release|Any CPU
		{03C3C798-8DCF-423B-B846-526932A7B4F0}.test|x64.ActiveCfg = Release|x64
		{03C3C798-8DCF-423B-B846-526932A7B4F0}.test|x64.Build.0 = Release|x64
		{03C3C798-8DCF-423B-B846-526932A7B4F0}.test|x86.ActiveCfg = Release|Any CPU
		{03C3C798-8DCF-423B-B846-526932A7B4F0}.test|x86.Build.0 = Release|Any CPU
		{42814DEE-5A94-4901-BDA9-28AFD2D4F5AC}.Debug|Any CPU.ActiveCfg = Debug|x86
		{42814DEE-5A94-4901-BDA9-28AFD2D4F5AC}.Debug|x64.ActiveCfg = Debug|x64
		{42814DEE-5A94-4901-BDA9-28AFD2D4F5AC}.Debug|x64.Build.0 = Debug|x64
		{42814DEE-5A94-4901-BDA9-28AFD2D4F5AC}.Debug|x86.ActiveCfg = Debug|x86
		{42814DEE-5A94-4901-BDA9-28AFD2D4F5AC}.Debug|x86.Build.0 = Debug|x86
		{42814DEE-5A94-4901-BDA9-28AFD2D4F5AC}.Release|Any CPU.ActiveCfg = Release|x86
		{42814DEE-5A94-4901-BDA9-28AFD2D4F5AC}.Release|x64.ActiveCfg = Release|x64
		{42814DEE-5A94-4901-BDA9-28AFD2D4F5AC}.Release|x64.Build.0 = Release|x64
		{42814DEE-5A94-4901-BDA9-28AFD2D4F5AC}.Release|x86.ActiveCfg = Release|x86
		{42814DEE-5A94-4901-BDA9-28AFD2D4F5AC}.Release|x86.Build.0 = Release|x86
		{42814DEE-5A94-4901-BDA9-28AFD2D4F5AC}.test|Any CPU.ActiveCfg = test|Any CPU
		{42814DEE-5A94-4901-BDA9-28AFD2D4F5AC}.test|Any CPU.Build.0 = test|Any CPU
		{42814DEE-5A94-4901-BDA9-28AFD2D4F5AC}.test|x64.ActiveCfg = test|x64
		{42814DEE-5A94-4901-BDA9-28AFD2D4F5AC}.test|x64.Build.0 = test|x64
		{42814DEE-5A94-4901-BDA9-28AFD2D4F5AC}.test|x86.ActiveCfg = test|x86
		{42814DEE-5A94-4901-BDA9-28AFD2D4F5AC}.test|x86.Build.0 = test|x86
		{17BFEFFB-1619-4647-BA40-3CD1D87FD774}.Debug|Any CPU.ActiveCfg = Debug|Any CPU
		{17BFEFFB-1619-4647-BA40-3CD1D87FD774}.Debug|Any CPU.Build.0 = Debug|Any CPU
		{17BFEFFB-1619-4647-BA40-3CD1D87FD774}.Debug|x64.ActiveCfg = Debug|x64
		{17BFEFFB-1619-4647-BA40-3CD1D87FD774}.Debug|x64.Build.0 = Debug|x64
		{17BFEFFB-1619-4647-BA40-3CD1D87FD774}.Debug|x86.ActiveCfg = Debug|Any CPU
		{17BFEFFB-1619-4647-BA40-3CD1D87FD774}.Debug|x86.Build.0 = Debug|Any CPU
		{17BFEFFB-1619-4647-BA40-3CD1D87FD774}.Release|Any CPU.ActiveCfg = Release|Any CPU
		{17BFEFFB-1619-4647-BA40-3CD1D87FD774}.Release|Any CPU.Build.0 = Release|Any CPU
		{17BFEFFB-1619-4647-BA40-3CD1D87FD774}.Release|x64.ActiveCfg = Release|x64
		{17BFEFFB-1619-4647-BA40-3CD1D87FD774}.Release|x64.Build.0 = Release|x64
		{17BFEFFB-1619-4647-BA40-3CD1D87FD774}.Release|x86.ActiveCfg = Release|Any CPU
		{17BFEFFB-1619-4647-BA40-3CD1D87FD774}.Release|x86.Build.0 = Release|Any CPU
		{17BFEFFB-1619-4647-BA40-3CD1D87FD774}.test|Any CPU.ActiveCfg = test|Any CPU
		{17BFEFFB-1619-4647-BA40-3CD1D87FD774}.test|Any CPU.Build.0 = test|Any CPU
		{17BFEFFB-1619-4647-BA40-3CD1D87FD774}.test|x64.ActiveCfg = test|x64
		{17BFEFFB-1619-4647-BA40-3CD1D87FD774}.test|x64.Build.0 = test|x64
		{17BFEFFB-1619-4647-BA40-3CD1D87FD774}.test|x86.ActiveCfg = test|Any CPU
		{17BFEFFB-1619-4647-BA40-3CD1D87FD774}.test|x86.Build.0 = test|Any CPU
		{17522F38-5E76-4AEA-99FD-263A2E981DCB}.Debug|Any CPU.ActiveCfg = Debug|Any CPU
		{17522F38-5E76-4AEA-99FD-263A2E981DCB}.Debug|Any CPU.Build.0 = Debug|Any CPU
		{17522F38-5E76-4AEA-99FD-263A2E981DCB}.Debug|x64.ActiveCfg = Debug|x64
		{17522F38-5E76-4AEA-99FD-263A2E981DCB}.Debug|x64.Build.0 = Debug|x64
		{17522F38-5E76-4AEA-99FD-263A2E981DCB}.Debug|x86.ActiveCfg = Debug|Any CPU
		{17522F38-5E76-4AEA-99FD-263A2E981DCB}.Debug|x86.Build.0 = Debug|Any CPU
		{17522F38-5E76-4AEA-99FD-263A2E981DCB}.Release|Any CPU.ActiveCfg = Release|Any CPU
		{17522F38-5E76-4AEA-99FD-263A2E981DCB}.Release|Any CPU.Build.0 = Release|Any CPU
		{17522F38-5E76-4AEA-99FD-263A2E981DCB}.Release|x64.ActiveCfg = Release|Any CPU
		{17522F38-5E76-4AEA-99FD-263A2E981DCB}.Release|x64.Build.0 = Release|Any CPU
		{17522F38-5E76-4AEA-99FD-263A2E981DCB}.Release|x86.ActiveCfg = Release|Any CPU
		{17522F38-5E76-4AEA-99FD-263A2E981DCB}.Release|x86.Build.0 = Release|Any CPU
		{17522F38-5E76-4AEA-99FD-263A2E981DCB}.test|Any CPU.ActiveCfg = Release|Any CPU
		{17522F38-5E76-4AEA-99FD-263A2E981DCB}.test|Any CPU.Build.0 = Release|Any CPU
		{17522F38-5E76-4AEA-99FD-263A2E981DCB}.test|x64.ActiveCfg = Release|Any CPU
		{17522F38-5E76-4AEA-99FD-263A2E981DCB}.test|x64.Build.0 = Release|Any CPU
		{17522F38-5E76-4AEA-99FD-263A2E981DCB}.test|x86.ActiveCfg = Release|Any CPU
		{17522F38-5E76-4AEA-99FD-263A2E981DCB}.test|x86.Build.0 = Release|Any CPU
		{426B372C-3C85-44F1-AA81-B99927781030}.Debug|Any CPU.ActiveCfg = Debug|Any CPU
		{426B372C-3C85-44F1-AA81-B99927781030}.Debug|Any CPU.Build.0 = Debug|Any CPU
		{426B372C-3C85-44F1-AA81-B99927781030}.Debug|x64.ActiveCfg = Debug|Any CPU
		{426B372C-3C85-44F1-AA81-B99927781030}.Debug|x64.Build.0 = Debug|Any CPU
		{426B372C-3C85-44F1-AA81-B99927781030}.Debug|x86.ActiveCfg = Debug|Any CPU
		{426B372C-3C85-44F1-AA81-B99927781030}.Debug|x86.Build.0 = Debug|Any CPU
		{426B372C-3C85-44F1-AA81-B99927781030}.Release|Any CPU.ActiveCfg = Release|Any CPU
		{426B372C-3C85-44F1-AA81-B99927781030}.Release|Any CPU.Build.0 = Release|Any CPU
		{426B372C-3C85-44F1-AA81-B99927781030}.Release|x64.ActiveCfg = Release|Any CPU
		{426B372C-3C85-44F1-AA81-B99927781030}.Release|x64.Build.0 = Release|Any CPU
		{426B372C-3C85-44F1-AA81-B99927781030}.Release|x86.ActiveCfg = Release|Any CPU
		{426B372C-3C85-44F1-AA81-B99927781030}.Release|x86.Build.0 = Release|Any CPU
		{426B372C-3C85-44F1-AA81-B99927781030}.test|Any CPU.ActiveCfg = Release|Any CPU
		{426B372C-3C85-44F1-AA81-B99927781030}.test|Any CPU.Build.0 = Release|Any CPU
		{426B372C-3C85-44F1-AA81-B99927781030}.test|x64.ActiveCfg = Release|Any CPU
		{426B372C-3C85-44F1-AA81-B99927781030}.test|x64.Build.0 = Release|Any CPU
		{426B372C-3C85-44F1-AA81-B99927781030}.test|x86.ActiveCfg = Release|Any CPU
		{426B372C-3C85-44F1-AA81-B99927781030}.test|x86.Build.0 = Release|Any CPU
		{CDF2FE6B-E5B9-4833-B5F8-1D0A5C4547B7}.Debug|Any CPU.ActiveCfg = Debug|Any CPU
		{CDF2FE6B-E5B9-4833-B5F8-1D0A5C4547B7}.Debug|Any CPU.Build.0 = Debug|Any CPU
		{CDF2FE6B-E5B9-4833-B5F8-1D0A5C4547B7}.Debug|x64.ActiveCfg = Debug|Any CPU
		{CDF2FE6B-E5B9-4833-B5F8-1D0A5C4547B7}.Debug|x64.Build.0 = Debug|Any CPU
		{CDF2FE6B-E5B9-4833-B5F8-1D0A5C4547B7}.Debug|x86.ActiveCfg = Debug|Any CPU
		{CDF2FE6B-E5B9-4833-B5F8-1D0A5C4547B7}.Debug|x86.Build.0 = Debug|Any CPU
		{CDF2FE6B-E5B9-4833-B5F8-1D0A5C4547B7}.Release|Any CPU.ActiveCfg = Release|Any CPU
		{CDF2FE6B-E5B9-4833-B5F8-1D0A5C4547B7}.Release|Any CPU.Build.0 = Release|Any CPU
		{CDF2FE6B-E5B9-4833-B5F8-1D0A5C4547B7}.Release|x64.ActiveCfg = Release|Any CPU
		{CDF2FE6B-E5B9-4833-B5F8-1D0A5C4547B7}.Release|x64.Build.0 = Release|Any CPU
		{CDF2FE6B-E5B9-4833-B5F8-1D0A5C4547B7}.Release|x86.ActiveCfg = Release|Any CPU
		{CDF2FE6B-E5B9-4833-B5F8-1D0A5C4547B7}.Release|x86.Build.0 = Release|Any CPU
		{CDF2FE6B-E5B9-4833-B5F8-1D0A5C4547B7}.test|Any CPU.ActiveCfg = Release|Any CPU
		{CDF2FE6B-E5B9-4833-B5F8-1D0A5C4547B7}.test|Any CPU.Build.0 = Release|Any CPU
		{CDF2FE6B-E5B9-4833-B5F8-1D0A5C4547B7}.test|x64.ActiveCfg = Release|Any CPU
		{CDF2FE6B-E5B9-4833-B5F8-1D0A5C4547B7}.test|x64.Build.0 = Release|Any CPU
		{CDF2FE6B-E5B9-4833-B5F8-1D0A5C4547B7}.test|x86.ActiveCfg = Release|Any CPU
		{CDF2FE6B-E5B9-4833-B5F8-1D0A5C4547B7}.test|x86.Build.0 = Release|Any CPU
		{9C40F41E-3C5F-4EB3-B8FD-10B48837D112}.Debug|Any CPU.ActiveCfg = Debug|Any CPU
		{9C40F41E-3C5F-4EB3-B8FD-10B48837D112}.Debug|Any CPU.Build.0 = Debug|Any CPU
		{9C40F41E-3C5F-4EB3-B8FD-10B48837D112}.Debug|x64.ActiveCfg = Debug|Any CPU
		{9C40F41E-3C5F-4EB3-B8FD-10B48837D112}.Debug|x64.Build.0 = Debug|Any CPU
		{9C40F41E-3C5F-4EB3-B8FD-10B48837D112}.Debug|x86.ActiveCfg = Debug|Any CPU
		{9C40F41E-3C5F-4EB3-B8FD-10B48837D112}.Debug|x86.Build.0 = Debug|Any CPU
		{9C40F41E-3C5F-4EB3-B8FD-10B48837D112}.Release|Any CPU.ActiveCfg = Release|Any CPU
		{9C40F41E-3C5F-4EB3-B8FD-10B48837D112}.Release|Any CPU.Build.0 = Release|Any CPU
		{9C40F41E-3C5F-4EB3-B8FD-10B48837D112}.Release|x64.ActiveCfg = Release|Any CPU
		{9C40F41E-3C5F-4EB3-B8FD-10B48837D112}.Release|x64.Build.0 = Release|Any CPU
		{9C40F41E-3C5F-4EB3-B8FD-10B48837D112}.Release|x86.ActiveCfg = Release|Any CPU
		{9C40F41E-3C5F-4EB3-B8FD-10B48837D112}.Release|x86.Build.0 = Release|Any CPU
		{9C40F41E-3C5F-4EB3-B8FD-10B48837D112}.test|Any CPU.ActiveCfg = Release|Any CPU
		{9C40F41E-3C5F-4EB3-B8FD-10B48837D112}.test|Any CPU.Build.0 = Release|Any CPU
		{9C40F41E-3C5F-4EB3-B8FD-10B48837D112}.test|x64.ActiveCfg = Release|Any CPU
		{9C40F41E-3C5F-4EB3-B8FD-10B48837D112}.test|x64.Build.0 = Release|Any CPU
		{9C40F41E-3C5F-4EB3-B8FD-10B48837D112}.test|x86.ActiveCfg = Release|Any CPU
		{9C40F41E-3C5F-4EB3-B8FD-10B48837D112}.test|x86.Build.0 = Release|Any CPU
		{CF72CF01-995B-47EE-8F81-13E5EBEDFF4B}.Debug|Any CPU.ActiveCfg = Debug|Any CPU
		{CF72CF01-995B-47EE-8F81-13E5EBEDFF4B}.Debug|Any CPU.Build.0 = Debug|Any CPU
		{CF72CF01-995B-47EE-8F81-13E5EBEDFF4B}.Debug|x64.ActiveCfg = Debug|Any CPU
		{CF72CF01-995B-47EE-8F81-13E5EBEDFF4B}.Debug|x64.Build.0 = Debug|Any CPU
		{CF72CF01-995B-47EE-8F81-13E5EBEDFF4B}.Debug|x86.ActiveCfg = Debug|Any CPU
		{CF72CF01-995B-47EE-8F81-13E5EBEDFF4B}.Debug|x86.Build.0 = Debug|Any CPU
		{CF72CF01-995B-47EE-8F81-13E5EBEDFF4B}.Release|Any CPU.ActiveCfg = Release|Any CPU
		{CF72CF01-995B-47EE-8F81-13E5EBEDFF4B}.Release|Any CPU.Build.0 = Release|Any CPU
		{CF72CF01-995B-47EE-8F81-13E5EBEDFF4B}.Release|x64.ActiveCfg = Release|Any CPU
		{CF72CF01-995B-47EE-8F81-13E5EBEDFF4B}.Release|x64.Build.0 = Release|Any CPU
		{CF72CF01-995B-47EE-8F81-13E5EBEDFF4B}.Release|x86.ActiveCfg = Release|Any CPU
		{CF72CF01-995B-47EE-8F81-13E5EBEDFF4B}.Release|x86.Build.0 = Release|Any CPU
		{CF72CF01-995B-47EE-8F81-13E5EBEDFF4B}.test|Any CPU.ActiveCfg = Release|Any CPU
		{CF72CF01-995B-47EE-8F81-13E5EBEDFF4B}.test|Any CPU.Build.0 = Release|Any CPU
		{CF72CF01-995B-47EE-8F81-13E5EBEDFF4B}.test|x64.ActiveCfg = Release|Any CPU
		{CF72CF01-995B-47EE-8F81-13E5EBEDFF4B}.test|x64.Build.0 = Release|Any CPU
		{CF72CF01-995B-47EE-8F81-13E5EBEDFF4B}.test|x86.ActiveCfg = Release|Any CPU
		{CF72CF01-995B-47EE-8F81-13E5EBEDFF4B}.test|x86.Build.0 = Release|Any CPU
	EndGlobalSection
	GlobalSection(SolutionProperties) = preSolution
		HideSolutionNode = FALSE
	EndGlobalSection
	GlobalSection(NestedProjects) = preSolution
		{9DE40A24-8308-4C7D-B77E-71E9D389BBFA} = {5920225C-27D8-4B85-A2F7-54F3DF5B61F2}
		{DB81988F-E0F2-45A0-A1FD-8C37F3D35244} = {BBF76049-21E6-4ADB-B3AC-CA25D7C31E10}
		{CDCE8946-359A-488F-802E-CB664B6F97DF} = {5920225C-27D8-4B85-A2F7-54F3DF5B61F2}
		{613AA9F0-1DC4-451A-A0C1-D9D1D4499D0C} = {2AC8CCC1-63C3-4B11-B507-E8ED99330EBC}
		{6AC3CCFA-49F5-4368-860F-77A26E15F9DD} = {5920225C-27D8-4B85-A2F7-54F3DF5B61F2}
		{03C3C798-8DCF-423B-B846-526932A7B4F0} = {5920225C-27D8-4B85-A2F7-54F3DF5B61F2}
		{17522F38-5E76-4AEA-99FD-263A2E981DCB} = {5920225C-27D8-4B85-A2F7-54F3DF5B61F2}
		{426B372C-3C85-44F1-AA81-B99927781030} = {5920225C-27D8-4B85-A2F7-54F3DF5B61F2}
		{CDF2FE6B-E5B9-4833-B5F8-1D0A5C4547B7} = {5920225C-27D8-4B85-A2F7-54F3DF5B61F2}
		{CF72CF01-995B-47EE-8F81-13E5EBEDFF4B} = {5920225C-27D8-4B85-A2F7-54F3DF5B61F2}
	EndGlobalSection
	GlobalSection(ExtensibilityGlobals) = postSolution
		SolutionGuid = {F7D41F4D-F07E-4D99-B3C8-8D936133BD33}
	EndGlobalSection
EndGlobal
